
Microsoft Visual Studio Solution File, Format Version 12.00
# Visual Studio Version 16
VisualStudioVersion = 16.0.31112.23
MinimumVisualStudioVersion = 10.0.40219.1
Project("{888888A0-9F3D-457C-B088-3A5042F75D52}") = "pythonWeb", "pythonWeb.pyproj", "{E9B9567C-4508-4037-B874-7143464D9628}"
EndProject
Global
	GlobalSection(SolutionConfigurationPlatforms) = preSolution
		Debug|Any CPU = Debug|Any CPU
		Release|Any CPU = Release|Any CPU
	EndGlobalSection
	GlobalSection(ProjectConfigurationPlatforms) = postSolution
		{E9B9567C-4508-4037-B874-7143464D9628}.Debug|Any CPU.ActiveCfg = Debug|Any CPU
		{E9B9567C-4508-4037-B874-7143464D9628}.Debug|Any CPU.Build.0 = Debug|Any CPU
		{E9B9567C-4508-4037-B874-7143464D9628}.Release|Any CPU.ActiveCfg = Release|Any CPU
		{E9B9567C-4508-4037-B874-7143464D9628}.Release|Any CPU.Build.0 = Release|Any CPU
	EndGlobalSection
	GlobalSection(SolutionProperties) = preSolution
		HideSolutionNode = FALSE
	EndGlobalSection
	GlobalSection(ExtensibilityGlobals) = postSolution
		SolutionGuid = {258D3B7F-928A-40AC-B40D-084660DB6ED9}
	EndGlobalSection
EndGlobal
